
Microsoft Visual Studio Solution File, Format Version 12.00
# Visual Studio Version 17
VisualStudioVersion = 17.1.32120.378
MinimumVisualStudioVersion = 10.0.40219.1
Project("{FAE04EC0-301F-11D3-BF4B-00C04F79EFBC}") = "WPFUtils", "WPFUtils\WPFUtils.csproj", "{92AB1196-A21A-4ACE-968C-121C4E9E324D}"
EndProject
Global
	GlobalSection(SolutionConfigurationPlatforms) = preSolution
		Debug|Any CPU = Debug|Any CPU
		Release|Any CPU = Release|Any CPU
	EndGlobalSection
	GlobalSection(ProjectConfigurationPlatforms) = postSolution
		{92AB1196-A21A-4ACE-968C-121C4E9E324D}.Debug|Any CPU.ActiveCfg = Debug|Any CPU
		{92AB1196-A21A-4ACE-968C-121C4E9E324D}.Debug|Any CPU.Build.0 = Debug|Any CPU
		{92AB1196-A21A-4ACE-968C-121C4E9E324D}.Release|Any CPU.ActiveCfg = Release|Any CPU
		{92AB1196-A21A-4ACE-968C-121C4E9E324D}.Release|Any CPU.Build.0 = Release|Any CPU
	EndGlobalSection
	GlobalSection(SolutionProperties) = preSolution
		HideSolutionNode = FALSE
	EndGlobalSection
	GlobalSection(ExtensibilityGlobals) = postSolution
		SolutionGuid = {10CDBE46-9A52-470B-ACDB-A8BCA3D8946D}
	EndGlobalSection
EndGlobal
